// !$*UTF8*$!
{
	archiveVersion = 1;
	classes = {
	};
	objectVersion = 46;
	objects = {

/* Begin PBXBuildFile section */
		5B1723CD1D832F3D00811B14 /* Main.storyboard in Resources */ = {isa = PBXBuildFile; fileRef = 5B1723CC1D832F3D00811B14 /* Main.storyboard */; };
		5B45B5E31D9DAF8E00B5673F /* CustomUIViewMethods.swift in Sources */ = {isa = PBXBuildFile; fileRef = 5B45B5E21D9DAF8E00B5673F /* CustomUIViewMethods.swift */; };
		5B54990E1DA5616500FF6AEA /* Stretch+CoreDataClass.swift in Sources */ = {isa = PBXBuildFile; fileRef = 5B54990C1DA5616500FF6AEA /* Stretch+CoreDataClass.swift */; };
		5B54990F1DA5616500FF6AEA /* Stretch+CoreDataProperties.swift in Sources */ = {isa = PBXBuildFile; fileRef = 5B54990D1DA5616500FF6AEA /* Stretch+CoreDataProperties.swift */; };
		5B6D27A61D8795DA009E6CD7 /* StretchingList.plist in Resources */ = {isa = PBXBuildFile; fileRef = 5B6D27A51D8795DA009E6CD7 /* StretchingList.plist */; };
		5B6D27A91D879AFF009E6CD7 /* DrillList.plist in Resources */ = {isa = PBXBuildFile; fileRef = 5B6D27A81D879AFF009E6CD7 /* DrillList.plist */; };
		5B6DB92F1D9589EA00F27E5C /* CircleProgressView.swift in Sources */ = {isa = PBXBuildFile; fileRef = 5B6DB92E1D9589EA00F27E5C /* CircleProgressView.swift */; };
		5B76A5891D830BDC0027A678 /* AppDelegate.swift in Sources */ = {isa = PBXBuildFile; fileRef = 5B76A5881D830BDC0027A678 /* AppDelegate.swift */; };
		5B76A58B1D830BDC0027A678 /* ViewController.swift in Sources */ = {isa = PBXBuildFile; fileRef = 5B76A58A1D830BDC0027A678 /* ViewController.swift */; };
		5B76A5911D830BDC0027A678 /* BJJ_Mat_Rat.xcdatamodeld in Sources */ = {isa = PBXBuildFile; fileRef = 5B76A58F1D830BDC0027A678 /* BJJ_Mat_Rat.xcdatamodeld */; };
		5B76A5931D830BDC0027A678 /* Assets.xcassets in Resources */ = {isa = PBXBuildFile; fileRef = 5B76A5921D830BDC0027A678 /* Assets.xcassets */; };
		5B76A5961D830BDC0027A678 /* LaunchScreen.storyboard in Resources */ = {isa = PBXBuildFile; fileRef = 5B76A5941D830BDC0027A678 /* LaunchScreen.storyboard */; };
		5B76A5A01D8321D20027A678 /* ExerciseListViewController.swift in Sources */ = {isa = PBXBuildFile; fileRef = 5B76A59F1D8321D20027A678 /* ExerciseListViewController.swift */; };
		5B99CEEB1D88714C00AD0B2A /* DisplayExerciseViewController.swift in Sources */ = {isa = PBXBuildFile; fileRef = 5B99CEEA1D88714C00AD0B2A /* DisplayExerciseViewController.swift */; };
		5BCD3B6E1D904BA6001741B8 /* TimingViewController.swift in Sources */ = {isa = PBXBuildFile; fileRef = 5BCD3B6D1D904BA6001741B8 /* TimingViewController.swift */; };
		5BE7CB9C1DA83E0B00AECF63 /* Drill+CoreDataClass.swift in Sources */ = {isa = PBXBuildFile; fileRef = 5BE7CB9A1DA83E0B00AECF63 /* Drill+CoreDataClass.swift */; };
		5BE7CB9D1DA83E0B00AECF63 /* Drill+CoreDataProperties.swift in Sources */ = {isa = PBXBuildFile; fileRef = 5BE7CB9B1DA83E0B00AECF63 /* Drill+CoreDataProperties.swift */; };
/* End PBXBuildFile section */

/* Begin PBXFileReference section */
		5B1723CC1D832F3D00811B14 /* Main.storyboard */ = {isa = PBXFileReference; fileEncoding = 4; lastKnownFileType = file.storyboard; path = Main.storyboard; sourceTree = "<group>"; };
		5B45B5E21D9DAF8E00B5673F /* CustomUIViewMethods.swift */ = {isa = PBXFileReference; fileEncoding = 4; lastKnownFileType = sourcecode.swift; path = CustomUIViewMethods.swift; sourceTree = "<group>"; };
		5B54990C1DA5616500FF6AEA /* Stretch+CoreDataClass.swift */ = {isa = PBXFileReference; fileEncoding = 4; lastKnownFileType = sourcecode.swift; path = "Stretch+CoreDataClass.swift"; sourceTree = "<group>"; };
		5B54990D1DA5616500FF6AEA /* Stretch+CoreDataProperties.swift */ = {isa = PBXFileReference; fileEncoding = 4; lastKnownFileType = sourcecode.swift; path = "Stretch+CoreDataProperties.swift"; sourceTree = "<group>"; };
		5B6D27A51D8795DA009E6CD7 /* StretchingList.plist */ = {isa = PBXFileReference; fileEncoding = 4; lastKnownFileType = text.plist.xml; path = StretchingList.plist; sourceTree = "<group>"; };
		5B6D27A81D879AFF009E6CD7 /* DrillList.plist */ = {isa = PBXFileReference; fileEncoding = 4; lastKnownFileType = text.plist.xml; path = DrillList.plist; sourceTree = "<group>"; };
		5B6DB92E1D9589EA00F27E5C /* CircleProgressView.swift */ = {isa = PBXFileReference; fileEncoding = 4; lastKnownFileType = sourcecode.swift; path = CircleProgressView.swift; sourceTree = "<group>"; };
		5B76A5851D830BDB0027A678 /* BJJ Mat Rat.app */ = {isa = PBXFileReference; explicitFileType = wrapper.application; includeInIndex = 0; path = "BJJ Mat Rat.app"; sourceTree = BUILT_PRODUCTS_DIR; };
		5B76A5881D830BDC0027A678 /* AppDelegate.swift */ = {isa = PBXFileReference; lastKnownFileType = sourcecode.swift; path = AppDelegate.swift; sourceTree = "<group>"; };
		5B76A58A1D830BDC0027A678 /* ViewController.swift */ = {isa = PBXFileReference; lastKnownFileType = sourcecode.swift; path = ViewController.swift; sourceTree = "<group>"; };
		5B76A5901D830BDC0027A678 /* BJJ_Mat_Rat.xcdatamodel */ = {isa = PBXFileReference; lastKnownFileType = wrapper.xcdatamodel; path = BJJ_Mat_Rat.xcdatamodel; sourceTree = "<group>"; };
		5B76A5921D830BDC0027A678 /* Assets.xcassets */ = {isa = PBXFileReference; lastKnownFileType = folder.assetcatalog; path = Assets.xcassets; sourceTree = "<group>"; };
		5B76A5951D830BDC0027A678 /* Base */ = {isa = PBXFileReference; lastKnownFileType = file.storyboard; name = Base; path = Base.lproj/LaunchScreen.storyboard; sourceTree = "<group>"; };
		5B76A5971D830BDC0027A678 /* Info.plist */ = {isa = PBXFileReference; lastKnownFileType = text.plist.xml; path = Info.plist; sourceTree = "<group>"; };
		5B76A59F1D8321D20027A678 /* ExerciseListViewController.swift */ = {isa = PBXFileReference; fileEncoding = 4; lastKnownFileType = sourcecode.swift; path = ExerciseListViewController.swift; sourceTree = "<group>"; };
		5B99CEEA1D88714C00AD0B2A /* DisplayExerciseViewController.swift */ = {isa = PBXFileReference; fileEncoding = 4; lastKnownFileType = sourcecode.swift; path = DisplayExerciseViewController.swift; sourceTree = "<group>"; };
		5BCD3B6D1D904BA6001741B8 /* TimingViewController.swift */ = {isa = PBXFileReference; fileEncoding = 4; lastKnownFileType = sourcecode.swift; path = TimingViewController.swift; sourceTree = "<group>"; };
		5BE7CB9A1DA83E0B00AECF63 /* Drill+CoreDataClass.swift */ = {isa = PBXFileReference; fileEncoding = 4; lastKnownFileType = sourcecode.swift; path = "Drill+CoreDataClass.swift"; sourceTree = "<group>"; };
		5BE7CB9B1DA83E0B00AECF63 /* Drill+CoreDataProperties.swift */ = {isa = PBXFileReference; fileEncoding = 4; lastKnownFileType = sourcecode.swift; path = "Drill+CoreDataProperties.swift"; sourceTree = "<group>"; };
/* End PBXFileReference section */

/* Begin PBXFrameworksBuildPhase section */
		5B76A5821D830BDB0027A678 /* Frameworks */ = {
			isa = PBXFrameworksBuildPhase;
			buildActionMask = 2147483647;
			files = (
			);
			runOnlyForDeploymentPostprocessing = 0;
		};
/* End PBXFrameworksBuildPhase section */

/* Begin PBXGroup section */
		5B45B5E11D9DAF5600B5673F /* Extensions */ = {
			isa = PBXGroup;
			children = (
				5B45B5E21D9DAF8E00B5673F /* CustomUIViewMethods.swift */,
			);
			name = Extensions;
			sourceTree = "<group>";
		};
		5B6D27A71D879760009E6CD7 /* Exercise Data */ = {
			isa = PBXGroup;
			children = (
				5B6D27A51D8795DA009E6CD7 /* StretchingList.plist */,
				5B6D27A81D879AFF009E6CD7 /* DrillList.plist */,
			);
			name = "Exercise Data";
			sourceTree = "<group>";
		};
		5B6DB92D1D9589BE00F27E5C /* Frameworks */ = {
			isa = PBXGroup;
			children = (
				5B6DB92E1D9589EA00F27E5C /* CircleProgressView.swift */,
			);
			name = Frameworks;
			sourceTree = "<group>";
		};
		5B76A57C1D830BDB0027A678 = {
			isa = PBXGroup;
			children = (
				5BE7CB9A1DA83E0B00AECF63 /* Drill+CoreDataClass.swift */,
				5BE7CB9B1DA83E0B00AECF63 /* Drill+CoreDataProperties.swift */,
				5B54990C1DA5616500FF6AEA /* Stretch+CoreDataClass.swift */,
				5B54990D1DA5616500FF6AEA /* Stretch+CoreDataProperties.swift */,
				5B76A5871D830BDC0027A678 /* BJJ Mat Rat */,
				5B76A5861D830BDB0027A678 /* Products */,
			);
			sourceTree = "<group>";
		};
		5B76A5861D830BDB0027A678 /* Products */ = {
			isa = PBXGroup;
			children = (
				5B76A5851D830BDB0027A678 /* BJJ Mat Rat.app */,
			);
			name = Products;
			sourceTree = "<group>";
		};
		5B76A5871D830BDC0027A678 /* BJJ Mat Rat */ = {
			isa = PBXGroup;
			children = (
				5B76A5881D830BDC0027A678 /* AppDelegate.swift */,
				5B6DB92D1D9589BE00F27E5C /* Frameworks */,
				5B45B5E11D9DAF5600B5673F /* Extensions */,
				5BCD3B6F1D904BB7001741B8 /* Views */,
				5B1723CC1D832F3D00811B14 /* Main.storyboard */,
				5B76A5921D830BDC0027A678 /* Assets.xcassets */,
				5B76A5941D830BDC0027A678 /* LaunchScreen.storyboard */,
				5B76A5971D830BDC0027A678 /* Info.plist */,
				5B76A58F1D830BDC0027A678 /* BJJ_Mat_Rat.xcdatamodeld */,
				5B6D27A71D879760009E6CD7 /* Exercise Data */,
			);
			path = "BJJ Mat Rat";
			sourceTree = "<group>";
		};
		5BCD3B6F1D904BB7001741B8 /* Views */ = {
			isa = PBXGroup;
			children = (
				5B76A58A1D830BDC0027A678 /* ViewController.swift */,
				5BCD3B6D1D904BA6001741B8 /* TimingViewController.swift */,
				5B76A59F1D8321D20027A678 /* ExerciseListViewController.swift */,
				5B99CEEA1D88714C00AD0B2A /* DisplayExerciseViewController.swift */,
			);
			name = Views;
			sourceTree = "<group>";
		};
/* End PBXGroup section */

/* Begin PBXNativeTarget section */
		5B76A5841D830BDB0027A678 /* BJJ Mat Rat */ = {
			isa = PBXNativeTarget;
			buildConfigurationList = 5B76A59A1D830BDC0027A678 /* Build configuration list for PBXNativeTarget "BJJ Mat Rat" */;
			buildPhases = (
				5B76A5811D830BDB0027A678 /* Sources */,
				5B76A5821D830BDB0027A678 /* Frameworks */,
				5B76A5831D830BDB0027A678 /* Resources */,
			);
			buildRules = (
			);
			dependencies = (
			);
			name = "BJJ Mat Rat";
			productName = "BJJ Mat Rat";
			productReference = 5B76A5851D830BDB0027A678 /* BJJ Mat Rat.app */;
			productType = "com.apple.product-type.application";
		};
/* End PBXNativeTarget section */

/* Begin PBXProject section */
		5B76A57D1D830BDB0027A678 /* Project object */ = {
			isa = PBXProject;
			attributes = {
				LastSwiftUpdateCheck = 0730;
				LastUpgradeCheck = 0800;
				ORGANIZATIONNAME = "Mark Ogley";
				TargetAttributes = {
					5B76A5841D830BDB0027A678 = {
						CreatedOnToolsVersion = 7.3.1;
						DevelopmentTeam = AZR9BGL87V;
						LastSwiftMigration = 0800;
					};
				};
			};
			buildConfigurationList = 5B76A5801D830BDB0027A678 /* Build configuration list for PBXProject "BJJ Mat Rat" */;
			compatibilityVersion = "Xcode 3.2";
			developmentRegion = English;
			hasScannedForEncodings = 0;
			knownRegions = (
				en,
				Base,
			);
			mainGroup = 5B76A57C1D830BDB0027A678;
			productRefGroup = 5B76A5861D830BDB0027A678 /* Products */;
			projectDirPath = "";
			projectRoot = "";
			targets = (
				5B76A5841D830BDB0027A678 /* BJJ Mat Rat */,
			);
		};
/* End PBXProject section */

/* Begin PBXResourcesBuildPhase section */
		5B76A5831D830BDB0027A678 /* Resources */ = {
			isa = PBXResourcesBuildPhase;
			buildActionMask = 2147483647;
			files = (
				5B1723CD1D832F3D00811B14 /* Main.storyboard in Resources */,
				5B6D27A61D8795DA009E6CD7 /* StretchingList.plist in Resources */,
				5B6D27A91D879AFF009E6CD7 /* DrillList.plist in Resources */,
				5B76A5961D830BDC0027A678 /* LaunchScreen.storyboard in Resources */,
				5B76A5931D830BDC0027A678 /* Assets.xcassets in Resources */,
			);
			runOnlyForDeploymentPostprocessing = 0;
		};
/* End PBXResourcesBuildPhase section */

/* Begin PBXSourcesBuildPhase section */
		5B76A5811D830BDB0027A678 /* Sources */ = {
			isa = PBXSourcesBuildPhase;
			buildActionMask = 2147483647;
			files = (
				5BCD3B6E1D904BA6001741B8 /* TimingViewController.swift in Sources */,
				5B45B5E31D9DAF8E00B5673F /* CustomUIViewMethods.swift in Sources */,
				5B76A5A01D8321D20027A678 /* ExerciseListViewController.swift in Sources */,
				5BE7CB9D1DA83E0B00AECF63 /* Drill+CoreDataProperties.swift in Sources */,
				5B76A58B1D830BDC0027A678 /* ViewController.swift in Sources */,
				5B54990E1DA5616500FF6AEA /* Stretch+CoreDataClass.swift in Sources */,
				5B6DB92F1D9589EA00F27E5C /* CircleProgressView.swift in Sources */,
				5B76A5891D830BDC0027A678 /* AppDelegate.swift in Sources */,
				5B99CEEB1D88714C00AD0B2A /* DisplayExerciseViewController.swift in Sources */,
				5BE7CB9C1DA83E0B00AECF63 /* Drill+CoreDataClass.swift in Sources */,
				5B54990F1DA5616500FF6AEA /* Stretch+CoreDataProperties.swift in Sources */,
				5B76A5911D830BDC0027A678 /* BJJ_Mat_Rat.xcdatamodeld in Sources */,
			);
			runOnlyForDeploymentPostprocessing = 0;
		};
/* End PBXSourcesBuildPhase section */

/* Begin PBXVariantGroup section */
		5B76A5941D830BDC0027A678 /* LaunchScreen.storyboard */ = {
			isa = PBXVariantGroup;
			children = (
				5B76A5951D830BDC0027A678 /* Base */,
			);
			name = LaunchScreen.storyboard;
			sourceTree = "<group>";
		};
/* End PBXVariantGroup section */

/* Begin XCBuildConfiguration section */
		5B76A5981D830BDC0027A678 /* Debug */ = {
			isa = XCBuildConfiguration;
			buildSettings = {
				ALWAYS_SEARCH_USER_PATHS = NO;
				CLANG_ANALYZER_NONNULL = YES;
				CLANG_CXX_LANGUAGE_STANDARD = "gnu++0x";
				CLANG_CXX_LIBRARY = "libc++";
				CLANG_ENABLE_MODULES = YES;
				CLANG_ENABLE_OBJC_ARC = YES;
				CLANG_WARN_BOOL_CONVERSION = YES;
				CLANG_WARN_CONSTANT_CONVERSION = YES;
				CLANG_WARN_DIRECT_OBJC_ISA_USAGE = YES_ERROR;
				CLANG_WARN_EMPTY_BODY = YES;
				CLANG_WARN_ENUM_CONVERSION = YES;
				CLANG_WARN_INFINITE_RECURSION = YES;
				CLANG_WARN_INT_CONVERSION = YES;
				CLANG_WARN_OBJC_ROOT_CLASS = YES_ERROR;
				CLANG_WARN_SUSPICIOUS_MOVE = YES;
				CLANG_WARN_UNREACHABLE_CODE = YES;
				CLANG_WARN__DUPLICATE_METHOD_MATCH = YES;
				"CODE_SIGN_IDENTITY[sdk=iphoneos*]" = "iPhone Developer";
				COPY_PHASE_STRIP = NO;
				DEBUG_INFORMATION_FORMAT = dwarf;
				ENABLE_STRICT_OBJC_MSGSEND = YES;
				ENABLE_TESTABILITY = YES;
				GCC_C_LANGUAGE_STANDARD = gnu99;
				GCC_DYNAMIC_NO_PIC = NO;
				GCC_NO_COMMON_BLOCKS = YES;
				GCC_OPTIMIZATION_LEVEL = 0;
				GCC_PREPROCESSOR_DEFINITIONS = (
					"DEBUG=1",
					"$(inherited)",
				);
				GCC_WARN_64_TO_32_BIT_CONVERSION = YES;
				GCC_WARN_ABOUT_RETURN_TYPE = YES_ERROR;
				GCC_WARN_UNDECLARED_SELECTOR = YES;
				GCC_WARN_UNINITIALIZED_AUTOS = YES_AGGRESSIVE;
				GCC_WARN_UNUSED_FUNCTION = YES;
				GCC_WARN_UNUSED_VARIABLE = YES;
				IPHONEOS_DEPLOYMENT_TARGET = 9.3;
				MTL_ENABLE_DEBUG_INFO = YES;
				ONLY_ACTIVE_ARCH = YES;
				SDKROOT = iphoneos;
				SWIFT_OPTIMIZATION_LEVEL = "-Onone";
				TARGETED_DEVICE_FAMILY = "1,2";
			};
			name = Debug;
		};
		5B76A5991D830BDC0027A678 /* Release */ = {
			isa = XCBuildConfiguration;
			buildSettings = {
				ALWAYS_SEARCH_USER_PATHS = NO;
				CLANG_ANALYZER_NONNULL = YES;
				CLANG_CXX_LANGUAGE_STANDARD = "gnu++0x";
				CLANG_CXX_LIBRARY = "libc++";
				CLANG_ENABLE_MODULES = YES;
				CLANG_ENABLE_OBJC_ARC = YES;
				CLANG_WARN_BOOL_CONVERSION = YES;
				CLANG_WARN_CONSTANT_CONVERSION = YES;
				CLANG_WARN_DIRECT_OBJC_ISA_USAGE = YES_ERROR;
				CLANG_WARN_EMPTY_BODY = YES;
				CLANG_WARN_ENUM_CONVERSION = YES;
				CLANG_WARN_INFINITE_RECURSION = YES;
				CLANG_WARN_INT_CONVERSION = YES;
				CLANG_WARN_OBJC_ROOT_CLASS = YES_ERROR;
				CLANG_WARN_SUSPICIOUS_MOVE = YES;
				CLANG_WARN_UNREACHABLE_CODE = YES;
				CLANG_WARN__DUPLICATE_METHOD_MATCH = YES;
				"CODE_SIGN_IDENTITY[sdk=iphoneos*]" = "iPhone Developer";
				COPY_PHASE_STRIP = NO;
				DEBUG_INFORMATION_FORMAT = "dwarf-with-dsym";
				ENABLE_NS_ASSERTIONS = NO;
				ENABLE_STRICT_OBJC_MSGSEND = YES;
				GCC_C_LANGUAGE_STANDARD = gnu99;
				GCC_NO_COMMON_BLOCKS = YES;
				GCC_WARN_64_TO_32_BIT_CONVERSION = YES;
				GCC_WARN_ABOUT_RETURN_TYPE = YES_ERROR;
				GCC_WARN_UNDECLARED_SELECTOR = YES;
				GCC_WARN_UNINITIALIZED_AUTOS = YES_AGGRESSIVE;
				GCC_WARN_UNUSED_FUNCTION = YES;
				GCC_WARN_UNUSED_VARIABLE = YES;
				IPHONEOS_DEPLOYMENT_TARGET = 9.3;
				MTL_ENABLE_DEBUG_INFO = NO;
				SDKROOT = iphoneos;
				SWIFT_OPTIMIZATION_LEVEL = "-Owholemodule";
				TARGETED_DEVICE_FAMILY = "1,2";
				VALIDATE_PRODUCT = YES;
			};
			name = Release;
		};
		5B76A59B1D830BDC0027A678 /* Debug */ = {
			isa = XCBuildConfiguration;
			buildSettings = {
				ASSETCATALOG_COMPILER_APPICON_NAME = AppIcon;
				INFOPLIST_FILE = "BJJ Mat Rat/Info.plist";
				IPHONEOS_DEPLOYMENT_TARGET = 9.0;
				LD_RUNPATH_SEARCH_PATHS = "$(inherited) @executable_path/Frameworks";
				PRODUCT_BUNDLE_IDENTIFIER = "com.mogley.BJJ-Mat-Rat";
				PRODUCT_NAME = "$(TARGET_NAME)";
				SWIFT_VERSION = 3.0;
			};
			name = Debug;
		};
		5B76A59C1D830BDC0027A678 /* Release */ = {
			isa = XCBuildConfiguration;
			buildSettings = {
				ASSETCATALOG_COMPILER_APPICON_NAME = AppIcon;
				INFOPLIST_FILE = "BJJ Mat Rat/Info.plist";
				IPHONEOS_DEPLOYMENT_TARGET = 9.0;
				LD_RUNPATH_SEARCH_PATHS = "$(inherited) @executable_path/Frameworks";
				PRODUCT_BUNDLE_IDENTIFIER = "com.mogley.BJJ-Mat-Rat";
				PRODUCT_NAME = "$(TARGET_NAME)";
				SWIFT_VERSION = 3.0;
			};
			name = Release;
		};
/* End XCBuildConfiguration section */

/* Begin XCConfigurationList section */
		5B76A5801D830BDB0027A678 /* Build configuration list for PBXProject "BJJ Mat Rat" */ = {
			isa = XCConfigurationList;
			buildConfigurations = (
				5B76A5981D830BDC0027A678 /* Debug */,
				5B76A5991D830BDC0027A678 /* Release */,
			);
			defaultConfigurationIsVisible = 0;
			defaultConfigurationName = Release;
		};
		5B76A59A1D830BDC0027A678 /* Build configuration list for PBXNativeTarget "BJJ Mat Rat" */ = {
			isa = XCConfigurationList;
			buildConfigurations = (
				5B76A59B1D830BDC0027A678 /* Debug */,
				5B76A59C1D830BDC0027A678 /* Release */,
			);
			defaultConfigurationIsVisible = 0;
			defaultConfigurationName = Release;
		};
/* End XCConfigurationList section */

/* Begin XCVersionGroup section */
		5B76A58F1D830BDC0027A678 /* BJJ_Mat_Rat.xcdatamodeld */ = {
			isa = XCVersionGroup;
			children = (
				5B76A5901D830BDC0027A678 /* BJJ_Mat_Rat.xcdatamodel */,
			);
			currentVersion = 5B76A5901D830BDC0027A678 /* BJJ_Mat_Rat.xcdatamodel */;
			path = BJJ_Mat_Rat.xcdatamodeld;
			sourceTree = "<group>";
			versionGroupType = wrapper.xcdatamodel;
		};
/* End XCVersionGroup section */
	};
	rootObject = 5B76A57D1D830BDB0027A678 /* Project object */;
}
