// !$*UTF8*$!
{
	archiveVersion = 1;
	classes = {
	};
	objectVersion = 46;
	objects = {

/* Begin PBXBuildFile section */
		5B76A5891D830BDC0027A678 /* AppDelegate.swift in Sources */ = {isa = PBXBuildFile; fileRef = 5B76A5881D830BDC0027A678 /* AppDelegate.swift */; };
		5B76A58B1D830BDC0027A678 /* ViewController.swift in Sources */ = {isa = PBXBuildFile; fileRef = 5B76A58A1D830BDC0027A678 /* ViewController.swift */; };
		5B76A58E1D830BDC0027A678 /* Main.storyboard in Resources */ = {isa = PBXBuildFile; fileRef = 5B76A58C1D830BDC0027A678 /* Main.storyboard */; };
		5B76A5911D830BDC0027A678 /* BJJ_Mat_Rat.xcdatamodeld in Sources */ = {isa = PBXBuildFile; fileRef = 5B76A58F1D830BDC0027A678 /* BJJ_Mat_Rat.xcdatamodeld */; };
		5B76A5931D830BDC0027A678 /* Assets.xcassets in Resources */ = {isa = PBXBuildFile; fileRef = 5B76A5921D830BDC0027A678 /* Assets.xcassets */; };
		5B76A5961D830BDC0027A678 /* LaunchScreen.storyboard in Resources */ = {isa = PBXBuildFile; fileRef = 5B76A5941D830BDC0027A678 /* LaunchScreen.storyboard */; };
/* End PBXBuildFile section */

/* Begin PBXFileReference section */
		5B76A5851D830BDB0027A678 /* BJJ Mat Rat.app */ = {isa = PBXFileReference; explicitFileType = wrapper.application; includeInIndex = 0; path = "BJJ Mat Rat.app"; sourceTree = BUILT_PRODUCTS_DIR; };
		5B76A5881D830BDC0027A678 /* AppDelegate.swift */ = {isa = PBXFileReference; lastKnownFileType = sourcecode.swift; path = AppDelegate.swift; sourceTree = "<group>"; };
		5B76A58A1D830BDC0027A678 /* ViewController.swift */ = {isa = PBXFileReference; lastKnownFileType = sourcecode.swift; path = ViewController.swift; sourceTree = "<group>"; };
		5B76A58D1D830BDC0027A678 /* Base */ = {isa = PBXFileReference; lastKnownFileType = file.storyboard; name = Base; path = Base.lproj/Main.storyboard; sourceTree = "<group>"; };
		5B76A5901D830BDC0027A678 /* BJJ_Mat_Rat.xcdatamodel */ = {isa = PBXFileReference; lastKnownFileType = wrapper.xcdatamodel; path = BJJ_Mat_Rat.xcdatamodel; sourceTree = "<group>"; };
		5B76A5921D830BDC0027A678 /* Assets.xcassets */ = {isa = PBXFileReference; lastKnownFileType = folder.assetcatalog; path = Assets.xcassets; sourceTree = "<group>"; };
		5B76A5951D830BDC0027A678 /* Base */ = {isa = PBXFileReference; lastKnownFileType = file.storyboard; name = Base; path = Base.lproj/LaunchScreen.storyboard; sourceTree = "<group>"; };
		5B76A5971D830BDC0027A678 /* Info.plist */ = {isa = PBXFileReference; lastKnownFileType = text.plist.xml; path = Info.plist; sourceTree = "<group>"; };
/* End PBXFileReference section */

/* Begin PBXFrameworksBuildPhase section */
		5B76A5821D830BDB0027A678 /* Frameworks */ = {
			isa = PBXFrameworksBuildPhase;
			buildActionMask = 2147483647;
			files = (
			);
			runOnlyForDeploymentPostprocessing = 0;
		};
/* End PBXFrameworksBuildPhase section */

/* Begin PBXGroup section */
		5B76A57C1D830BDB0027A678 = {
			isa = PBXGroup;
			children = (
				5B76A5871D830BDC0027A678 /* BJJ Mat Rat */,
				5B76A5861D830BDB0027A678 /* Products */,
			);
			sourceTree = "<group>";
		};
		5B76A5861D830BDB0027A678 /* Products */ = {
			isa = PBXGroup;
			children = (
				5B76A5851D830BDB0027A678 /* BJJ Mat Rat.app */,
			);
			name = Products;
			sourceTree = "<group>";
		};
		5B76A5871D830BDC0027A678 /* BJJ Mat Rat */ = {
			isa = PBXGroup;
			children = (
				5B76A5881D830BDC0027A678 /* AppDelegate.swift */,
				5B76A58A1D830BDC0027A678 /* ViewController.swift */,
				5B76A58C1D830BDC0027A678 /* Main.storyboard */,
				5B76A5921D830BDC0027A678 /* Assets.xcassets */,
				5B76A5941D830BDC0027A678 /* LaunchScreen.storyboard */,
				5B76A5971D830BDC0027A678 /* Info.plist */,
				5B76A58F1D830BDC0027A678 /* BJJ_Mat_Rat.xcdatamodeld */,
			);
			path = "BJJ Mat Rat";
			sourceTree = "<group>";
		};
/* End PBXGroup section */

/* Begin PBXNativeTarget section */
		5B76A5841D830BDB0027A678 /* BJJ Mat Rat */ = {
			isa = PBXNativeTarget;
			buildConfigurationList = 5B76A59A1D830BDC0027A678 /* Build configuration list for PBXNativeTarget "BJJ Mat Rat" */;
			buildPhases = (
				5B76A5811D830BDB0027A678 /* Sources */,
				5B76A5821D830BDB0027A678 /* Frameworks */,
				5B76A5831D830BDB0027A678 /* Resources */,
			);
			buildRules = (
			);
			dependencies = (
			);
			name = "BJJ Mat Rat";
			productName = "BJJ Mat Rat";
			productReference = 5B76A5851D830BDB0027A678 /* BJJ Mat Rat.app */;
			productType = "com.apple.product-type.application";
		};
/* End PBXNativeTarget section */

/* Begin PBXProject section */
		5B76A57D1D830BDB0027A678 /* Project object */ = {
			isa = PBXProject;
			attributes = {
				LastSwiftUpdateCheck = 0730;
				LastUpgradeCheck = 0730;
				ORGANIZATIONNAME = "Mark Ogley";
				TargetAttributes = {
					5B76A5841D830BDB0027A678 = {
						CreatedOnToolsVersion = 7.3.1;
						DevelopmentTeam = AZR9BGL87V;
					};
				};
			};
			buildConfigurationList = 5B76A5801D830BDB0027A678 /* Build configuration list for PBXProject "BJJ Mat Rat" */;
			compatibilityVersion = "Xcode 3.2";
			developmentRegion = English;
			hasScannedForEncodings = 0;
			knownRegions = (
				en,
				Base,
			);
			mainGroup = 5B76A57C1D830BDB0027A678;
			productRefGroup = 5B76A5861D830BDB0027A678 /* Products */;
			projectDirPath = "";
			projectRoot = "";
			targets = (
				5B76A5841D830BDB0027A678 /* BJJ Mat Rat */,
			);
		};
/* End PBXProject section */

/* Begin PBXResourcesBuildPhase section */
		5B76A5831D830BDB0027A678 /* Resources */ = {
			isa = PBXResourcesBuildPhase;
			buildActionMask = 2147483647;
			files = (
				5B76A5961D830BDC0027A678 /* LaunchScreen.storyboard in Resources */,
				5B76A5931D830BDC0027A678 /* Assets.xcassets in Resources */,
				5B76A58E1D830BDC0027A678 /* Main.storyboard in Resources */,
			);
			runOnlyForDeploymentPostprocessing = 0;
		};
/* End PBXResourcesBuildPhase section */

/* Begin PBXSourcesBuildPhase section */
		5B76A5811D830BDB0027A678 /* Sources */ = {
			isa = PBXSourcesBuildPhase;
			buildActionMask = 2147483647;
			files = (
				5B76A58B1D830BDC0027A678 /* ViewController.swift in Sources */,
				5B76A5891D830BDC0027A678 /* AppDelegate.swift in Sources */,
				5B76A5911D830BDC0027A678 /* BJJ_Mat_Rat.xcdatamodeld in Sources */,
			);
			runOnlyForDeploymentPostprocessing = 0;
		};
/* End PBXSourcesBuildPhase section */

/* Begin PBXVariantGroup section */
		5B76A58C1D830BDC0027A678 /* Main.storyboard */ = {
			isa = PBXVariantGroup;
			children = (
				5B76A58D1D830BDC0027A678 /* Base */,
			);
			name = Main.storyboard;
			sourceTree = "<group>";
		};
		5B76A5941D830BDC0027A678 /* LaunchScreen.storyboard */ = {
			isa = PBXVariantGroup;
			children = (
				5B76A5951D830BDC0027A678 /* Base */,
			);
			name = LaunchScreen.storyboard;
			sourceTree = "<group>";
		};
/* End PBXVariantGroup section */

/* Begin XCBuildConfiguration section */
		5B76A5981D830BDC0027A678 /* Debug */ = {
			isa = XCBuildConfiguration;
			buildSettings = {
				ALWAYS_SEARCH_USER_PATHS = NO;
				CLANG_ANALYZER_NONNULL = YES;
				CLANG_CXX_LANGUAGE_STANDARD = "gnu++0x";
				CLANG_CXX_LIBRARY = "libc++";
				CLANG_ENABLE_MODULES = YES;
				CLANG_ENABLE_OBJC_ARC = YES;
				CLANG_WARN_BOOL_CONVERSION = YES;
				CLANG_WARN_CONSTANT_CONVERSION = YES;
				CLANG_WARN_DIRECT_OBJC_ISA_USAGE = YES_ERROR;
				CLANG_WARN_EMPTY_BODY = YES;
				CLANG_WARN_ENUM_CONVERSION = YES;
				CLANG_WARN_INT_CONVERSION = YES;
				CLANG_WARN_OBJC_ROOT_CLASS = YES_ERROR;
				CLANG_WARN_UNREACHABLE_CODE = YES;
				CLANG_WARN__DUPLICATE_METHOD_MATCH = YES;
				"CODE_SIGN_IDENTITY[sdk=iphoneos*]" = "iPhone Developer";
				COPY_PHASE_STRIP = NO;
				DEBUG_INFORMATION_FORMAT = dwarf;
				ENABLE_STRICT_OBJC_MSGSEND = YES;
				ENABLE_TESTABILITY = YES;
				GCC_C_LANGUAGE_STANDARD = gnu99;
				GCC_DYNAMIC_NO_PIC = NO;
				GCC_NO_COMMON_BLOCKS = YES;
				GCC_OPTIMIZATION_LEVEL = 0;
				GCC_PREPROCESSOR_DEFINITIONS = (
					"DEBUG=1",
					"$(inherited)",
				);
				GCC_WARN_64_TO_32_BIT_CONVERSION = YES;
				GCC_WARN_ABOUT_RETURN_TYPE = YES_ERROR;
				GCC_WARN_UNDECLARED_SELECTOR = YES;
				GCC_WARN_UNINITIALIZED_AUTOS = YES_AGGRESSIVE;
				GCC_WARN_UNUSED_FUNCTION = YES;
				GCC_WARN_UNUSED_VARIABLE = YES;
				IPHONEOS_DEPLOYMENT_TARGET = 9.3;
				MTL_ENABLE_DEBUG_INFO = YES;
				ONLY_ACTIVE_ARCH = YES;
				SDKROOT = iphoneos;
				SWIFT_OPTIMIZATION_LEVEL = "-Onone";
				TARGETED_DEVICE_FAMILY = "1,2";
			};
			name = Debug;
		};
		5B76A5991D830BDC0027A678 /* Release */ = {
			isa = XCBuildConfiguration;
			buildSettings = {
				ALWAYS_SEARCH_USER_PATHS = NO;
				CLANG_ANALYZER_NONNULL = YES;
				CLANG_CXX_LANGUAGE_STANDARD = "gnu++0x";
				CLANG_CXX_LIBRARY = "libc++";
				CLANG_ENABLE_MODULES = YES;
				CLANG_ENABLE_OBJC_ARC = YES;
				CLANG_WARN_BOOL_CONVERSION = YES;
				CLANG_WARN_CONSTANT_CONVERSION = YES;
				CLANG_WARN_DIRECT_OBJC_ISA_USAGE = YES_ERROR;
				CLANG_WARN_EMPTY_BODY = YES;
				CLANG_WARN_ENUM_CONVERSION = YES;
				CLANG_WARN_INT_CONVERSION = YES;
				CLANG_WARN_OBJC_ROOT_CLASS = YES_ERROR;
				CLANG_WARN_UNREACHABLE_CODE = YES;
				CLANG_WARN__DUPLICATE_METHOD_MATCH = YES;
				"CODE_SIGN_IDENTITY[sdk=iphoneos*]" = "iPhone Developer";
				COPY_PHASE_STRIP = NO;
				DEBUG_INFORMATION_FORMAT = "dwarf-with-dsym";
				ENABLE_NS_ASSERTIONS = NO;
				ENABLE_STRICT_OBJC_MSGSEND = YES;
				GCC_C_LANGUAGE_STANDARD = gnu99;
				GCC_NO_COMMON_BLOCKS = YES;
				GCC_WARN_64_TO_32_BIT_CONVERSION = YES;
				GCC_WARN_ABOUT_RETURN_TYPE = YES_ERROR;
				GCC_WARN_UNDECLARED_SELECTOR = YES;
				GCC_WARN_UNINITIALIZED_AUTOS = YES_AGGRESSIVE;
				GCC_WARN_UNUSED_FUNCTION = YES;
				GCC_WARN_UNUSED_VARIABLE = YES;
				IPHONEOS_DEPLOYMENT_TARGET = 9.3;
				MTL_ENABLE_DEBUG_INFO = NO;
				SDKROOT = iphoneos;
				TARGETED_DEVICE_FAMILY = "1,2";
				VALIDATE_PRODUCT = YES;
			};
			name = Release;
		};
		5B76A59B1D830BDC0027A678 /* Debug */ = {
			isa = XCBuildConfiguration;
			buildSettings = {
				ASSETCATALOG_COMPILER_APPICON_NAME = AppIcon;
				INFOPLIST_FILE = "BJJ Mat Rat/Info.plist";
				LD_RUNPATH_SEARCH_PATHS = "$(inherited) @executable_path/Frameworks";
				PRODUCT_BUNDLE_IDENTIFIER = "com.mogley.BJJ-Mat-Rat";
				PRODUCT_NAME = "$(TARGET_NAME)";
			};
			name = Debug;
		};
		5B76A59C1D830BDC0027A678 /* Release */ = {
			isa = XCBuildConfiguration;
			buildSettings = {
				ASSETCATALOG_COMPILER_APPICON_NAME = AppIcon;
				INFOPLIST_FILE = "BJJ Mat Rat/Info.plist";
				LD_RUNPATH_SEARCH_PATHS = "$(inherited) @executable_path/Frameworks";
				PRODUCT_BUNDLE_IDENTIFIER = "com.mogley.BJJ-Mat-Rat";
				PRODUCT_NAME = "$(TARGET_NAME)";
			};
			name = Release;
		};
/* End XCBuildConfiguration section */

/* Begin XCConfigurationList section */
		5B76A5801D830BDB0027A678 /* Build configuration list for PBXProject "BJJ Mat Rat" */ = {
			isa = XCConfigurationList;
			buildConfigurations = (
				5B76A5981D830BDC0027A678 /* Debug */,
				5B76A5991D830BDC0027A678 /* Release */,
			);
			defaultConfigurationIsVisible = 0;
			defaultConfigurationName = Release;
		};
		5B76A59A1D830BDC0027A678 /* Build configuration list for PBXNativeTarget "BJJ Mat Rat" */ = {
			isa = XCConfigurationList;
			buildConfigurations = (
				5B76A59B1D830BDC0027A678 /* Debug */,
				5B76A59C1D830BDC0027A678 /* Release */,
			);
			defaultConfigurationIsVisible = 0;
		};
/* End XCConfigurationList section */

/* Begin XCVersionGroup section */
		5B76A58F1D830BDC0027A678 /* BJJ_Mat_Rat.xcdatamodeld */ = {
			isa = XCVersionGroup;
			children = (
				5B76A5901D830BDC0027A678 /* BJJ_Mat_Rat.xcdatamodel */,
			);
			currentVersion = 5B76A5901D830BDC0027A678 /* BJJ_Mat_Rat.xcdatamodel */;
			path = BJJ_Mat_Rat.xcdatamodeld;
			sourceTree = "<group>";
			versionGroupType = wrapper.xcdatamodel;
		};
/* End XCVersionGroup section */
	};
	rootObject = 5B76A57D1D830BDB0027A678 /* Project object */;
}
